
Microsoft Visual Studio Solution File, Format Version 12.00
# Visual Studio Version 16
VisualStudioVersion = 16.0.34031.81
MinimumVisualStudioVersion = 10.0.40219.1
Project("{FAE04EC0-301F-11D3-BF4B-00C04F79EFBC}") = "Gurdeep_Fork_Assignment", "Gurdeep_Fork_Assignment.csproj", "{5708255F-2160-4F0C-B965-42D5CA2F8FA4}"
EndProject
Global
	GlobalSection(SolutionConfigurationPlatforms) = preSolution
		Debug|Any CPU = Debug|Any CPU
		Release|Any CPU = Release|Any CPU
	EndGlobalSection
	GlobalSection(ProjectConfigurationPlatforms) = postSolution
		{5708255F-2160-4F0C-B965-42D5CA2F8FA4}.Debug|Any CPU.ActiveCfg = Debug|Any CPU
		{5708255F-2160-4F0C-B965-42D5CA2F8FA4}.Debug|Any CPU.Build.0 = Debug|Any CPU
		{5708255F-2160-4F0C-B965-42D5CA2F8FA4}.Release|Any CPU.ActiveCfg = Release|Any CPU
		{5708255F-2160-4F0C-B965-42D5CA2F8FA4}.Release|Any CPU.Build.0 = Release|Any CPU
	EndGlobalSection
	GlobalSection(SolutionProperties) = preSolution
		HideSolutionNode = FALSE
	EndGlobalSection
	GlobalSection(ExtensibilityGlobals) = postSolution
		SolutionGuid = {D03B6C5E-38D5-4D19-BD10-FA040561CFE3}
	EndGlobalSection
EndGlobal
